
Microsoft Visual Studio Solution File, Format Version 12.00
# Visual Studio Version 16
VisualStudioVersion = 16.0.30517.126
MinimumVisualStudioVersion = 10.0.40219.1
Project("{FAE04EC0-301F-11D3-BF4B-00C04F79EFBC}") = "MoodAnalyzer", "MoodAnalyzer.csproj", "{3E677DD9-EA67-4126-9BF9-D1D1B7FB6D64}"
EndProject
Project("{FAE04EC0-301F-11D3-BF4B-00C04F79EFBC}") = "MoodAnalysisTesting", "..\MoodAnalysisTesting\MoodAnalysisTesting.csproj", "{68D23884-63EF-4B43-9AEA-71778EBE9608}"
EndProject
Global
	GlobalSection(SolutionConfigurationPlatforms) = preSolution
		Debug|Any CPU = Debug|Any CPU
		Release|Any CPU = Release|Any CPU
	EndGlobalSection
	GlobalSection(ProjectConfigurationPlatforms) = postSolution
		{3E677DD9-EA67-4126-9BF9-D1D1B7FB6D64}.Debug|Any CPU.ActiveCfg = Debug|Any CPU
		{3E677DD9-EA67-4126-9BF9-D1D1B7FB6D64}.Debug|Any CPU.Build.0 = Debug|Any CPU
		{3E677DD9-EA67-4126-9BF9-D1D1B7FB6D64}.Release|Any CPU.ActiveCfg = Release|Any CPU
		{3E677DD9-EA67-4126-9BF9-D1D1B7FB6D64}.Release|Any CPU.Build.0 = Release|Any CPU
		{68D23884-63EF-4B43-9AEA-71778EBE9608}.Debug|Any CPU.ActiveCfg = Debug|Any CPU
		{68D23884-63EF-4B43-9AEA-71778EBE9608}.Debug|Any CPU.Build.0 = Debug|Any CPU
		{68D23884-63EF-4B43-9AEA-71778EBE9608}.Release|Any CPU.ActiveCfg = Release|Any CPU
		{68D23884-63EF-4B43-9AEA-71778EBE9608}.Release|Any CPU.Build.0 = Release|Any CPU
	EndGlobalSection
	GlobalSection(SolutionProperties) = preSolution
		HideSolutionNode = FALSE
	EndGlobalSection
	GlobalSection(ExtensibilityGlobals) = postSolution
		SolutionGuid = {B95E26C4-67F7-4605-B09A-2BE070A24433}
	EndGlobalSection
EndGlobal
